
Microsoft Visual Studio Solution File, Format Version 12.00
# Visual Studio 15
Project("{FAE04EC0-301F-11D3-BF4B-00C04F79EFBC}") = "todoApp", "todoApp.csproj", "{92ADFDF8-BE18-4796-AB90-0CA90446472F}"
EndProject
Global
	GlobalSection(SolutionConfigurationPlatforms) = preSolution
		Debug|Any CPU = Debug|Any CPU
		Release|Any CPU = Release|Any CPU
	EndGlobalSection
	GlobalSection(ProjectConfigurationPlatforms) = postSolution
		{92ADFDF8-BE18-4796-AB90-0CA90446472F}.Debug|Any CPU.ActiveCfg = Debug|Any CPU
		{92ADFDF8-BE18-4796-AB90-0CA90446472F}.Debug|Any CPU.Build.0 = Debug|Any CPU
		{92ADFDF8-BE18-4796-AB90-0CA90446472F}.Release|Any CPU.ActiveCfg = Release|Any CPU
		{92ADFDF8-BE18-4796-AB90-0CA90446472F}.Release|Any CPU.Build.0 = Release|Any CPU
	EndGlobalSection
EndGlobal
